
Microsoft Visual Studio Solution File, Format Version 12.00
# Visual Studio Version 17
VisualStudioVersion = 17.9.34723.18
MinimumVisualStudioVersion = 10.0.40219.1
Project("{2150E333-8FDC-42A3-9474-1A3956D46DE8}") = "source", "source", "{44226A85-11ED-46B7-96E9-883E28A5C183}"
EndProject
Project("{2150E333-8FDC-42A3-9474-1A3956D46DE8}") = "tests", "tests", "{3678778E-29AA-40C8-AF8A-34EFC50DB9D5}"
EndProject
Project("{9A19103F-16F7-4668-BE54-9A1E7A4F7556}") = "APITreino.Core", "APITreino.Core\APITreino.Core.csproj", "{27E91B6B-747D-4221-B375-3E8CAC71CCF7}"
EndProject
Project("{9A19103F-16F7-4668-BE54-9A1E7A4F7556}") = "APITreino.Repository", "APITreino.Repository\APITreino.Repository.csproj", "{BABF168B-C823-4CAE-9638-3DD0225243DF}"
EndProject
Project("{9A19103F-16F7-4668-BE54-9A1E7A4F7556}") = "APITreino.Infrastructure", "APITreino.Infrastructure\APITreino.Infrastructure.csproj", "{1CAC17E9-3E7E-4DEE-8C60-AD0E65F47ED0}"
EndProject
Project("{9A19103F-16F7-4668-BE54-9A1E7A4F7556}") = "APITreino.Api", "APITreino.Api\APITreino.Api.csproj", "{805392E8-0848-4FD3-99F6-B9BB7C8C3AB8}"
EndProject
Project("{2150E333-8FDC-42A3-9474-1A3956D46DE8}") = "projeto2", "projeto2", "{8C671DC8-FB9F-4E2F-B1D9-1E46CC95E495}"
EndProject
Project("{FAE04EC0-301F-11D3-BF4B-00C04F79EFBC}") = "APITreino.Api2", "APITreino.Api2\APITreino.Api2.csproj", "{38121CE6-FA30-484A-84E2-321EE5B19D38}"
EndProject
Project("{FAE04EC0-301F-11D3-BF4B-00C04F79EFBC}") = "ApiTreino.Data", "ApiTreino.Data\ApiTreino.Data.csproj", "{0890301A-7D7A-47F5-B172-0772073020E6}"
EndProject
Global
	GlobalSection(SolutionConfigurationPlatforms) = preSolution
		Debug|Any CPU = Debug|Any CPU
		Release|Any CPU = Release|Any CPU
	EndGlobalSection
	GlobalSection(ProjectConfigurationPlatforms) = postSolution
		{27E91B6B-747D-4221-B375-3E8CAC71CCF7}.Debug|Any CPU.ActiveCfg = Debug|Any CPU
		{27E91B6B-747D-4221-B375-3E8CAC71CCF7}.Debug|Any CPU.Build.0 = Debug|Any CPU
		{27E91B6B-747D-4221-B375-3E8CAC71CCF7}.Release|Any CPU.ActiveCfg = Release|Any CPU
		{27E91B6B-747D-4221-B375-3E8CAC71CCF7}.Release|Any CPU.Build.0 = Release|Any CPU
		{BABF168B-C823-4CAE-9638-3DD0225243DF}.Debug|Any CPU.ActiveCfg = Debug|Any CPU
		{BABF168B-C823-4CAE-9638-3DD0225243DF}.Debug|Any CPU.Build.0 = Debug|Any CPU
		{BABF168B-C823-4CAE-9638-3DD0225243DF}.Release|Any CPU.ActiveCfg = Release|Any CPU
		{BABF168B-C823-4CAE-9638-3DD0225243DF}.Release|Any CPU.Build.0 = Release|Any CPU
		{1CAC17E9-3E7E-4DEE-8C60-AD0E65F47ED0}.Debug|Any CPU.ActiveCfg = Debug|Any CPU
		{1CAC17E9-3E7E-4DEE-8C60-AD0E65F47ED0}.Debug|Any CPU.Build.0 = Debug|Any CPU
		{1CAC17E9-3E7E-4DEE-8C60-AD0E65F47ED0}.Release|Any CPU.ActiveCfg = Release|Any CPU
		{1CAC17E9-3E7E-4DEE-8C60-AD0E65F47ED0}.Release|Any CPU.Build.0 = Release|Any CPU
		{805392E8-0848-4FD3-99F6-B9BB7C8C3AB8}.Debug|Any CPU.ActiveCfg = Debug|Any CPU
		{805392E8-0848-4FD3-99F6-B9BB7C8C3AB8}.Debug|Any CPU.Build.0 = Debug|Any CPU
		{805392E8-0848-4FD3-99F6-B9BB7C8C3AB8}.Release|Any CPU.ActiveCfg = Release|Any CPU
		{805392E8-0848-4FD3-99F6-B9BB7C8C3AB8}.Release|Any CPU.Build.0 = Release|Any CPU
		{38121CE6-FA30-484A-84E2-321EE5B19D38}.Debug|Any CPU.ActiveCfg = Debug|Any CPU
		{38121CE6-FA30-484A-84E2-321EE5B19D38}.Debug|Any CPU.Build.0 = Debug|Any CPU
		{38121CE6-FA30-484A-84E2-321EE5B19D38}.Release|Any CPU.ActiveCfg = Release|Any CPU
		{38121CE6-FA30-484A-84E2-321EE5B19D38}.Release|Any CPU.Build.0 = Release|Any CPU
		{0890301A-7D7A-47F5-B172-0772073020E6}.Debug|Any CPU.ActiveCfg = Debug|Any CPU
		{0890301A-7D7A-47F5-B172-0772073020E6}.Debug|Any CPU.Build.0 = Debug|Any CPU
		{0890301A-7D7A-47F5-B172-0772073020E6}.Release|Any CPU.ActiveCfg = Release|Any CPU
		{0890301A-7D7A-47F5-B172-0772073020E6}.Release|Any CPU.Build.0 = Release|Any CPU
	EndGlobalSection
	GlobalSection(SolutionProperties) = preSolution
		HideSolutionNode = FALSE
	EndGlobalSection
	GlobalSection(NestedProjects) = preSolution
		{27E91B6B-747D-4221-B375-3E8CAC71CCF7} = {44226A85-11ED-46B7-96E9-883E28A5C183}
		{BABF168B-C823-4CAE-9638-3DD0225243DF} = {44226A85-11ED-46B7-96E9-883E28A5C183}
		{1CAC17E9-3E7E-4DEE-8C60-AD0E65F47ED0} = {44226A85-11ED-46B7-96E9-883E28A5C183}
		{805392E8-0848-4FD3-99F6-B9BB7C8C3AB8} = {44226A85-11ED-46B7-96E9-883E28A5C183}
		{38121CE6-FA30-484A-84E2-321EE5B19D38} = {8C671DC8-FB9F-4E2F-B1D9-1E46CC95E495}
		{0890301A-7D7A-47F5-B172-0772073020E6} = {8C671DC8-FB9F-4E2F-B1D9-1E46CC95E495}
	EndGlobalSection
	GlobalSection(ExtensibilityGlobals) = postSolution
		SolutionGuid = {141DAE13-0BF7-4DD0-9403-A86F12C19882}
	EndGlobalSection
EndGlobal
